
Microsoft Visual Studio Solution File, Format Version 12.00
Project("{FAE04EC0-301F-11D3-BF4B-00C04F79EFBC}") = "Synonimazer", "Synonimazer\Synonimazer.csproj", "{DAADC91C-9098-416A-A992-E66EA0AFB913}"
EndProject
Global
	GlobalSection(SolutionConfigurationPlatforms) = preSolution
		Debug|Any CPU = Debug|Any CPU
		Release|Any CPU = Release|Any CPU
	EndGlobalSection
	GlobalSection(ProjectConfigurationPlatforms) = postSolution
		{DAADC91C-9098-416A-A992-E66EA0AFB913}.Debug|Any CPU.ActiveCfg = Debug|Any CPU
		{DAADC91C-9098-416A-A992-E66EA0AFB913}.Debug|Any CPU.Build.0 = Debug|Any CPU
		{DAADC91C-9098-416A-A992-E66EA0AFB913}.Release|Any CPU.ActiveCfg = Release|Any CPU
		{DAADC91C-9098-416A-A992-E66EA0AFB913}.Release|Any CPU.Build.0 = Release|Any CPU
	EndGlobalSection
EndGlobal
